
Microsoft Visual Studio Solution File, Format Version 12.00
# Visual Studio Version 16
VisualStudioVersion = 16.0.30413.136
MinimumVisualStudioVersion = 10.0.40219.1
Project("{FAE04EC0-301F-11D3-BF4B-00C04F79EFBC}") = "Ex2 -- Storage Precedures", "Ex2 -- Storage Precedures\Ex2 -- Storage Precedures.csproj", "{ADF18EA2-FEC7-455A-B2A0-FBAF6CCB5574}"
EndProject
Global
	GlobalSection(SolutionConfigurationPlatforms) = preSolution
		Debug|Any CPU = Debug|Any CPU
		Release|Any CPU = Release|Any CPU
	EndGlobalSection
	GlobalSection(ProjectConfigurationPlatforms) = postSolution
		{ADF18EA2-FEC7-455A-B2A0-FBAF6CCB5574}.Debug|Any CPU.ActiveCfg = Debug|Any CPU
		{ADF18EA2-FEC7-455A-B2A0-FBAF6CCB5574}.Debug|Any CPU.Build.0 = Debug|Any CPU
		{ADF18EA2-FEC7-455A-B2A0-FBAF6CCB5574}.Release|Any CPU.ActiveCfg = Release|Any CPU
		{ADF18EA2-FEC7-455A-B2A0-FBAF6CCB5574}.Release|Any CPU.Build.0 = Release|Any CPU
	EndGlobalSection
	GlobalSection(SolutionProperties) = preSolution
		HideSolutionNode = FALSE
	EndGlobalSection
	GlobalSection(ExtensibilityGlobals) = postSolution
		SolutionGuid = {C487E129-D334-4E3D-8781-7692A3F880BC}
	EndGlobalSection
EndGlobal
